{
  "name": "autoinference",
  "version": "0.0.1",
  "lockfileVersion": 3,
  "requires": true,
  "packages": {
    "": {
      "name": "autoinference",
      "version": "0.0.1",
      "license": "MIT",
      "dependencies": {
        "autoinference": "^0.0.1"
      }
    },
    "node_modules/autoinference": {
      "version": "0.0.1",
      "resolved": "https://registry.npmjs.org/autoinference/-/autoinference-0.0.1.tgz",
      "integrity": "sha512-JmY8WB13t7vDkjrnBK6T74JMgId4Og+wiIqVZcqBWvhrRR1hm1dOsI8IVfYBb5nZIjKyWSLWI1EAHIyt9lhzFA==",
      "license": "MIT"
    }
  }
}
